{
  "version": "4",
  "specifiers": {
    "jsr:@std/assert@1": "1.0.6",
    "jsr:@std/internal@^1.0.4": "1.0.4",
    "npm:fp-ts@^2.16.9": "2.16.9",
    "npm:reflect-metadata@~0.2.2": "0.2.2"
  },
  "jsr": {
    "@std/assert@1.0.6": {
      "integrity": "1904c05806a25d94fe791d6d883b685c9e2dcd60e4f9fc30f4fc5cf010c72207",
      "dependencies": [
        "jsr:@std/internal"
      ]
    },
    "@std/internal@1.0.4": {
      "integrity": "62e8e4911527e5e4f307741a795c0b0a9e6958d0b3790716ae71ce085f755422"
    }
  },
  "npm": {
    "fp-ts@2.16.9": {
      "integrity": "sha512-+I2+FnVB+tVaxcYyQkHUq7ZdKScaBlX53A41mxQtpIccsfyv8PzdzP7fzp2AY832T4aoK6UZ5WRX/ebGd8uZuQ=="
    },
    "reflect-metadata@0.2.2": {
      "integrity": "sha512-urBwgfrvVP/eAyXx4hluJivBKzuEbSQs9rKWCrCkbSxNv8mxPcUZKeuoF3Uy4mJl3Lwprp6yy5/39VWigZ4K6Q=="
    }
  },
  "redirects": {
    "https://deno.land/std/testing/asserts.ts": "https://deno.land/std@0.224.0/testing/asserts.ts",
    "https://deno.land/x/fp_ts/TaskEither.ts": "https://deno.land/x/fp_ts@v2.11.4/TaskEither.ts"
  },
  "remote": {
    "https://deno.land/std@0.208.0/assert/_constants.ts": "8a9da298c26750b28b326b297316cdde860bc237533b07e1337c021379e6b2a9",
    "https://deno.land/std@0.208.0/assert/_diff.ts": "58e1461cc61d8eb1eacbf2a010932bf6a05b79344b02ca38095f9b805795dc48",
    "https://deno.land/std@0.208.0/assert/_format.ts": "a69126e8a469009adf4cf2a50af889aca364c349797e63174884a52ff75cf4c7",
    "https://deno.land/std@0.208.0/assert/assert.ts": "9a97dad6d98c238938e7540736b826440ad8c1c1e54430ca4c4e623e585607ee",
    "https://deno.land/std@0.208.0/assert/assert_almost_equals.ts": "e15ca1f34d0d5e0afae63b3f5d975cbd18335a132e42b0c747d282f62ad2cd6c",
    "https://deno.land/std@0.208.0/assert/assert_array_includes.ts": "6856d7f2c3544bc6e62fb4646dfefa3d1df5ff14744d1bca19f0cbaf3b0d66c9",
    "https://deno.land/std@0.208.0/assert/assert_equals.ts": "d8ec8a22447fbaf2fc9d7c3ed2e66790fdb74beae3e482855d75782218d68227",
    "https://deno.land/std@0.208.0/assert/assert_exists.ts": "407cb6b9fb23a835cd8d5ad804e2e2edbbbf3870e322d53f79e1c7a512e2efd7",
    "https://deno.land/std@0.208.0/assert/assert_false.ts": "0ccbcaae910f52c857192ff16ea08bda40fdc79de80846c206bfc061e8c851c6",
    "https://deno.land/std@0.208.0/assert/assert_greater.ts": "ae2158a2d19313bf675bf7251d31c6dc52973edb12ac64ac8fc7064152af3e63",
    "https://deno.land/std@0.208.0/assert/assert_greater_or_equal.ts": "1439da5ebbe20855446cac50097ac78b9742abe8e9a43e7de1ce1426d556e89c",
    "https://deno.land/std@0.208.0/assert/assert_instance_of.ts": "3aedb3d8186e120812d2b3a5dea66a6e42bf8c57a8bd927645770bd21eea554c",
    "https://deno.land/std@0.208.0/assert/assert_is_error.ts": "c21113094a51a296ffaf036767d616a78a2ae5f9f7bbd464cd0197476498b94b",
    "https://deno.land/std@0.208.0/assert/assert_less.ts": "aec695db57db42ec3e2b62e97e1e93db0063f5a6ec133326cc290ff4b71b47e4",
    "https://deno.land/std@0.208.0/assert/assert_less_or_equal.ts": "5fa8b6a3ffa20fd0a05032fe7257bf985d207b85685fdbcd23651b70f928c848",
    "https://deno.land/std@0.208.0/assert/assert_match.ts": "c4083f80600bc190309903c95e397a7c9257ff8b5ae5c7ef91e834704e672e9b",
    "https://deno.land/std@0.208.0/assert/assert_not_equals.ts": "9f1acab95bd1f5fc9a1b17b8027d894509a745d91bac1718fdab51dc76831754",
    "https://deno.land/std@0.208.0/assert/assert_not_instance_of.ts": "0c14d3dfd9ab7a5276ed8ed0b18c703d79a3d106102077ec437bfe7ed912bd22",
    "https://deno.land/std@0.208.0/assert/assert_not_match.ts": "3796a5b0c57a1ce6c1c57883dd4286be13a26f715ea662318ab43a8491a13ab0",
    "https://deno.land/std@0.208.0/assert/assert_not_strict_equals.ts": "4cdef83df17488df555c8aac1f7f5ec2b84ad161b6d0645ccdbcc17654e80c99",
    "https://deno.land/std@0.208.0/assert/assert_object_match.ts": "d8fc2867cfd92eeacf9cea621e10336b666de1874a6767b5ec48988838370b54",
    "https://deno.land/std@0.208.0/assert/assert_rejects.ts": "45c59724de2701e3b1f67c391d6c71c392363635aad3f68a1b3408f9efca0057",
    "https://deno.land/std@0.208.0/assert/assert_strict_equals.ts": "b1f538a7ea5f8348aeca261d4f9ca603127c665e0f2bbfeb91fa272787c87265",
    "https://deno.land/std@0.208.0/assert/assert_string_includes.ts": "b821d39ebf5cb0200a348863c86d8c4c4b398e02012ce74ad15666fc4b631b0c",
    "https://deno.land/std@0.208.0/assert/assert_throws.ts": "63784e951475cb7bdfd59878cd25a0931e18f6dc32a6077c454b2cd94f4f4bcd",
    "https://deno.land/std@0.208.0/assert/assertion_error.ts": "4d0bde9b374dfbcbe8ac23f54f567b77024fb67dbb1906a852d67fe050d42f56",
    "https://deno.land/std@0.208.0/assert/equal.ts": "9f1a46d5993966d2596c44e5858eec821859b45f783a5ee2f7a695dfc12d8ece",
    "https://deno.land/std@0.208.0/assert/fail.ts": "c36353d7ae6e1f7933d45f8ea51e358c8c4b67d7e7502028598fe1fea062e278",
    "https://deno.land/std@0.208.0/assert/mod.ts": "37c49a26aae2b254bbe25723434dc28cd7532e444cf0b481a97c045d110ec085",
    "https://deno.land/std@0.208.0/assert/unimplemented.ts": "d56fbeecb1f108331a380f72e3e010a1f161baa6956fd0f7cf3e095ae1a4c75a",
    "https://deno.land/std@0.208.0/assert/unreachable.ts": "4600dc0baf7d9c15a7f7d234f00c23bca8f3eba8b140286aaca7aa998cf9a536",
    "https://deno.land/std@0.208.0/fmt/colors.ts": "34b3f77432925eb72cf0bfb351616949746768620b8e5ead66da532f93d10ba2",
    "https://deno.land/std@0.224.0/assert/_constants.ts": "a271e8ef5a573f1df8e822a6eb9d09df064ad66a4390f21b3e31f820a38e0975",
    "https://deno.land/std@0.224.0/assert/assert.ts": "09d30564c09de846855b7b071e62b5974b001bb72a4b797958fe0660e7849834",
    "https://deno.land/std@0.224.0/assert/assert_almost_equals.ts": "9e416114322012c9a21fa68e187637ce2d7df25bcbdbfd957cd639e65d3cf293",
    "https://deno.land/std@0.224.0/assert/assert_array_includes.ts": "14c5094471bc8e4a7895fc6aa5a184300d8a1879606574cb1cd715ef36a4a3c7",
    "https://deno.land/std@0.224.0/assert/assert_equals.ts": "3bbca947d85b9d374a108687b1a8ba3785a7850436b5a8930d81f34a32cb8c74",
    "https://deno.land/std@0.224.0/assert/assert_exists.ts": "43420cf7f956748ae6ed1230646567b3593cb7a36c5a5327269279c870c5ddfd",
    "https://deno.land/std@0.224.0/assert/assert_false.ts": "3e9be8e33275db00d952e9acb0cd29481a44fa0a4af6d37239ff58d79e8edeff",
    "https://deno.land/std@0.224.0/assert/assert_greater.ts": "5e57b201fd51b64ced36c828e3dfd773412c1a6120c1a5a99066c9b261974e46",
    "https://deno.land/std@0.224.0/assert/assert_greater_or_equal.ts": "9870030f997a08361b6f63400273c2fb1856f5db86c0c3852aab2a002e425c5b",
    "https://deno.land/std@0.224.0/assert/assert_instance_of.ts": "e22343c1fdcacfaea8f37784ad782683ec1cf599ae9b1b618954e9c22f376f2c",
    "https://deno.land/std@0.224.0/assert/assert_is_error.ts": "f856b3bc978a7aa6a601f3fec6603491ab6255118afa6baa84b04426dd3cc491",
    "https://deno.land/std@0.224.0/assert/assert_less.ts": "60b61e13a1982865a72726a5fa86c24fad7eb27c3c08b13883fb68882b307f68",
    "https://deno.land/std@0.224.0/assert/assert_less_or_equal.ts": "d2c84e17faba4afe085e6c9123a63395accf4f9e00150db899c46e67420e0ec3",
    "https://deno.land/std@0.224.0/assert/assert_match.ts": "ace1710dd3b2811c391946954234b5da910c5665aed817943d086d4d4871a8b7",
    "https://deno.land/std@0.224.0/assert/assert_not_equals.ts": "78d45dd46133d76ce624b2c6c09392f6110f0df9b73f911d20208a68dee2ef29",
    "https://deno.land/std@0.224.0/assert/assert_not_instance_of.ts": "3434a669b4d20cdcc5359779301a0588f941ffdc2ad68803c31eabdb4890cf7a",
    "https://deno.land/std@0.224.0/assert/assert_not_match.ts": "df30417240aa2d35b1ea44df7e541991348a063d9ee823430e0b58079a72242a",
    "https://deno.land/std@0.224.0/assert/assert_not_strict_equals.ts": "37f73880bd672709373d6dc2c5f148691119bed161f3020fff3548a0496f71b8",
    "https://deno.land/std@0.224.0/assert/assert_object_match.ts": "411450fd194fdaabc0089ae68f916b545a49d7b7e6d0026e84a54c9e7eed2693",
    "https://deno.land/std@0.224.0/assert/assert_rejects.ts": "4bee1d6d565a5b623146a14668da8f9eb1f026a4f338bbf92b37e43e0aa53c31",
    "https://deno.land/std@0.224.0/assert/assert_strict_equals.ts": "b4f45f0fd2e54d9029171876bd0b42dd9ed0efd8f853ab92a3f50127acfa54f5",
    "https://deno.land/std@0.224.0/assert/assert_string_includes.ts": "496b9ecad84deab72c8718735373feb6cdaa071eb91a98206f6f3cb4285e71b8",
    "https://deno.land/std@0.224.0/assert/assert_throws.ts": "c6508b2879d465898dab2798009299867e67c570d7d34c90a2d235e4553906eb",
    "https://deno.land/std@0.224.0/assert/assertion_error.ts": "ba8752bd27ebc51f723702fac2f54d3e94447598f54264a6653d6413738a8917",
    "https://deno.land/std@0.224.0/assert/equal.ts": "bddf07bb5fc718e10bb72d5dc2c36c1ce5a8bdd3b647069b6319e07af181ac47",
    "https://deno.land/std@0.224.0/assert/fail.ts": "0eba674ffb47dff083f02ced76d5130460bff1a9a68c6514ebe0cdea4abadb68",
    "https://deno.land/std@0.224.0/assert/mod.ts": "48b8cb8a619ea0b7958ad7ee9376500fe902284bb36f0e32c598c3dc34cbd6f3",
    "https://deno.land/std@0.224.0/assert/unimplemented.ts": "8c55a5793e9147b4f1ef68cd66496b7d5ba7a9e7ca30c6da070c1a58da723d73",
    "https://deno.land/std@0.224.0/assert/unreachable.ts": "5ae3dbf63ef988615b93eb08d395dda771c96546565f9e521ed86f6510c29e19",
    "https://deno.land/std@0.224.0/fmt/colors.ts": "508563c0659dd7198ba4bbf87e97f654af3c34eb56ba790260f252ad8012e1c5",
    "https://deno.land/std@0.224.0/internal/diff.ts": "6234a4b493ebe65dc67a18a0eb97ef683626a1166a1906232ce186ae9f65f4e6",
    "https://deno.land/std@0.224.0/internal/format.ts": "0a98ee226fd3d43450245b1844b47003419d34d210fa989900861c79820d21c2",
    "https://deno.land/std@0.224.0/internal/mod.ts": "534125398c8e7426183e12dc255bb635d94e06d0f93c60a297723abe69d3b22e",
    "https://deno.land/std@0.224.0/testing/asserts.ts": "d0cdbabadc49cc4247a50732ee0df1403fdcd0f95360294ad448ae8c240f3f5c",
    "https://deno.land/std@0.85.0/async/deferred.ts": "f89ed49ba5e1dd0227c6bd5b23f017be46c3f92e4f0338dda08ff5aa54b9f6c9",
    "https://deno.land/std@0.85.0/async/delay.ts": "9de1d8d07d1927767ab7f82434b883f3d8294fb19cad819691a2ad81a728cf3d",
    "https://deno.land/std@0.85.0/async/mod.ts": "253b41c658d768613eacfb11caa0a9ca7148442f932018a45576f7f27554c853",
    "https://deno.land/std@0.85.0/async/mux_async_iterator.ts": "b9091909db04cdb0af6f7807677372f64c1488de6c4bd86004511b064bf230d6",
    "https://deno.land/std@0.85.0/async/pool.ts": "876f9e6815366cd017a3b4fbb9e9ae40310b1b6972f1bd541c94358bc11fb7e5",
    "https://deno.land/std@0.85.0/encoding/base64.ts": "e81fd4661e7af6711b1a03ed212617e1b1ff2999a11317655359cf9223bc6cce",
    "https://deno.land/std@0.85.0/encoding/hex.ts": "f952e0727bddb3b2fd2e6889d104eacbd62e92091f540ebd6459317a61932d9b",
    "https://deno.land/std@0.85.0/fmt/colors.ts": "d253f2367e5feebcf0f49676533949c09ea07a2d95fb74958f6f5c1c22fbec49",
    "https://deno.land/std@0.85.0/node/_utils.ts": "067c386d676432e9418808851e8de72df7774f009a652904f62358b4c94504cf",
    "https://deno.land/std@0.85.0/node/buffer.ts": "e98af24a3210d8fc3f022b6eb26d6e5bdf98fb0e02931e5983d20db9fed1b590",
    "https://deno.land/std@0.85.0/testing/_diff.ts": "961eaf6d9f5b0a8556c9d835bbc6fa74f5addd7d3b02728ba7936ff93364f7a3",
    "https://deno.land/std@0.85.0/testing/asserts.ts": "de942b2e1cb6dac1c1c4a7b698be017337e2e2cc2252ae0a6d215c5befde1e82",
    "https://deno.land/x/fp_ts@v2.11.4/Alt.ts": "c6dc9b09b7eda940e41038f987a20429efbafa8b594c2e3b2590929b9662a207",
    "https://deno.land/x/fp_ts@v2.11.4/Alternative.ts": "6aa829f39ce6dd71b5de2e67069ad83a380499ec8b18830e670943dad1054c22",
    "https://deno.land/x/fp_ts@v2.11.4/Applicative.ts": "b1ff911f447544153398e596a15b328db3c6d781313059cdcf8e34466f53a8b7",
    "https://deno.land/x/fp_ts@v2.11.4/Apply.ts": "91c356f6f66916bb47a3cd6e4cbd0b867c6324cf3880a9f5f60d5bcc2da839d1",
    "https://deno.land/x/fp_ts@v2.11.4/Bifunctor.ts": "9b3496dbedba8f4f994f4f640d28cc5266949e5a350d6cf9f023dc648aff6112",
    "https://deno.land/x/fp_ts@v2.11.4/BooleanAlgebra.ts": "601a11f8a210bd8e2c6eabe20efe8aa060442b87d7231134a953d2f20f7889f8",
    "https://deno.land/x/fp_ts@v2.11.4/Bounded.ts": "173c354582b731dce6dd104e1d525fa5320d37c8f433cd3d07f54440bb232062",
    "https://deno.land/x/fp_ts@v2.11.4/BoundedDistributiveLattice.ts": "4c4ab4aa5652b4a5fd024c2031b44fa458a74489898cc4e51b03145aa0605436",
    "https://deno.land/x/fp_ts@v2.11.4/BoundedJoinSemilattice.ts": "6e787586fa33e27589aec9b9bdcb052376999554b3f18c99ace560fc84b2d16e",
    "https://deno.land/x/fp_ts@v2.11.4/BoundedLattice.ts": "ebdfddbe024a0fe21d29914d8faa6c8c65cfb3bea5b3d0bf14f3e499c572e29a",
    "https://deno.land/x/fp_ts@v2.11.4/BoundedMeetSemilattice.ts": "8175a61f89b7bd03abb3acb99e32ac8e7205b68a1cac4ceb0f2aeea978952506",
    "https://deno.land/x/fp_ts@v2.11.4/Chain.ts": "85d0ec8aeb96a062fdb80f1895c0272c9a54e710860c89709f3cbb3ac67239bc",
    "https://deno.land/x/fp_ts@v2.11.4/ChainRec.ts": "5f0a88a9731481a881a79e7e61742e22c48c612f4e2e49d254306b1bc75cfebb",
    "https://deno.land/x/fp_ts@v2.11.4/Comonad.ts": "4d2875a02fc103a5b05bfa04126d4ecf9f490f9cf33e1344d62161ee49e98420",
    "https://deno.land/x/fp_ts@v2.11.4/Compactable.ts": "3de0964918b299d032f96eb97d7d705e42e0cd64d3ad1350c67d8336c987d0e0",
    "https://deno.land/x/fp_ts@v2.11.4/Contravariant.ts": "9d2b06365f58b37bcca6275803735d2b737d6a790b54dd6d4088a9b1b656a0eb",
    "https://deno.land/x/fp_ts@v2.11.4/DistributiveLattice.ts": "eeaef952c590ee1ec62bf3bf903d4dab1c1bb6aaac5d8ab7b5b41983591e0b7d",
    "https://deno.land/x/fp_ts@v2.11.4/Either.ts": "8b31e8c8fb45723b430a9a37487f7aca0c7d765cf682e6f4c727111e049e565b",
    "https://deno.land/x/fp_ts@v2.11.4/EitherT.ts": "71cc8ec49c03914c2836954e85fafca1b2bca6a1e83370fe1da4f8b5a14f772e",
    "https://deno.land/x/fp_ts@v2.11.4/Endomorphism.ts": "d6f055996acd87d62b83b2e4488aafd682f995712abbec87294411db7fa6eaf4",
    "https://deno.land/x/fp_ts@v2.11.4/Eq.ts": "1b87181763a58917df6e5faa07fda58808953803764dcc7e0580bbaf7392ab29",
    "https://deno.land/x/fp_ts@v2.11.4/Extend.ts": "e46c5ed00fb422263f3c448188082780849b69d1cd33da48909e432ddac81b2f",
    "https://deno.land/x/fp_ts@v2.11.4/Filterable.ts": "34a5c2df7131c5b07ea2f1cb5c5e31ce6ea05fdd151d63297dc0d50852cefa49",
    "https://deno.land/x/fp_ts@v2.11.4/FilterableWithIndex.ts": "f9633984c9c647348d68fe7fdad8981ec3120a1db6188c3ea3150799b93d888b",
    "https://deno.land/x/fp_ts@v2.11.4/Foldable.ts": "33a67d5154f739830403e5d9c1536a8f7e1b559c6770b8cada22d85b0f038bb7",
    "https://deno.land/x/fp_ts@v2.11.4/FoldableWithIndex.ts": "b8e1ed3c33fe8a3ccfac60befcf1bbc18a111d93800da5c82c422725142e4f0d",
    "https://deno.land/x/fp_ts@v2.11.4/FromEither.ts": "edef9de6314ca65ff7cc8304e8d7e45b0731d1718c4afa482e16294bde05f427",
    "https://deno.land/x/fp_ts@v2.11.4/FromIO.ts": "453781961b21e6769b71dd9e539f5eb44c25881fe1308178017659f9bca2b1ef",
    "https://deno.land/x/fp_ts@v2.11.4/FromTask.ts": "ca594840fbd8bd3c3792a1f518f6aa28aeeee28516a6de2393e62521381c8903",
    "https://deno.land/x/fp_ts@v2.11.4/Functor.ts": "ea4ad672027212168763d4827de8c501dbddcedab9af3c888808e4408b4484ab",
    "https://deno.land/x/fp_ts@v2.11.4/FunctorWithIndex.ts": "5a6f8e5b512137645cc8ae91e5ee9397a53ba83c22337fb95b7b8270238bde22",
    "https://deno.land/x/fp_ts@v2.11.4/HKT.ts": "4c565568046d3f95e944b1aea4143d9195c93a86d4b082bfdbcf685d4d6d903d",
    "https://deno.land/x/fp_ts@v2.11.4/HeytingAlgebra.ts": "fda47a135e7f3e69a93ba02b254c1cbd03a8adbffdc77b274838ea804e42d5b1",
    "https://deno.land/x/fp_ts@v2.11.4/IO.ts": "53d6b70b771022768deb76df84dac56cac512247ebc016943ed6b33cf56f0178",
    "https://deno.land/x/fp_ts@v2.11.4/IOEither.ts": "68d0b6ad2b040e8144919d4d71b868eea2b3a715ca2ee55ef849a635edb58279",
    "https://deno.land/x/fp_ts@v2.11.4/JoinSemilattice.ts": "83b758f3070521127da3788d554def26492df79d0c66f574e4a7fdd8f73f44ea",
    "https://deno.land/x/fp_ts@v2.11.4/Lattice.ts": "1b9a3c18b55f617598dd8abe2724600f52a4d81b915dd1ca5a50f53628225427",
    "https://deno.land/x/fp_ts@v2.11.4/Magma.ts": "0c7f20604337fdb2fd3a3159a1e78c6f765a7f918d29ccbc9394855474f4a919",
    "https://deno.land/x/fp_ts@v2.11.4/MeetSemilattice.ts": "fa536ec9457eb75cac1d40aff1524bd0d51b0829e118225f75fc10e05d47aba5",
    "https://deno.land/x/fp_ts@v2.11.4/Monad.ts": "7fe452a98d61c14e487e6e033018019c502af91523feb5172df5315e2b8081ec",
    "https://deno.land/x/fp_ts@v2.11.4/MonadIO.ts": "0035bd2170eaab0d0b5a1258206c84f23cdc255c1dc5ff0c16520ef4a69c2206",
    "https://deno.land/x/fp_ts@v2.11.4/MonadTask.ts": "557eefbcee9bccae7de0cb8634f7006d8af104b18f157136ce2b32f7f3ae2317",
    "https://deno.land/x/fp_ts@v2.11.4/MonadThrow.ts": "fe9e6e489a4865655f754412026ecfe3bb2cb69e7aee6988ed4f07264724c3d6",
    "https://deno.land/x/fp_ts@v2.11.4/Monoid.ts": "3e83956dfefa349d3236e14d5dff80dbc1e8c2f6e882a105733597f096fbb0e0",
    "https://deno.land/x/fp_ts@v2.11.4/NaturalTransformation.ts": "2b15bcab7ef3ce9006132edf39e0574acdfa4c711224fc34deb31d6a6939c1d6",
    "https://deno.land/x/fp_ts@v2.11.4/NonEmptyArray.ts": "d0c3bfe23813b5c2c1ddfdcdc89ef3da930eb0557118bfad505cbeaa0ee97795",
    "https://deno.land/x/fp_ts@v2.11.4/Option.ts": "c16c369636613a20d192ae4d3defe43830669fc3587f2114b6c0ebc48969a0ce",
    "https://deno.land/x/fp_ts@v2.11.4/OptionT.ts": "82e739cff430cbfedd4047cb1b0f3b56ef465aac0172ebb9619118de817b15ff",
    "https://deno.land/x/fp_ts@v2.11.4/Ord.ts": "198287f88301a0a0d24e13777cc48ba8d1e0aed14acd69bdb0869da44717943b",
    "https://deno.land/x/fp_ts@v2.11.4/Ordering.ts": "0fff70e5459a950b8729d046550c6d5ec7680451f578b632ff8cc6bf44f3671f",
    "https://deno.land/x/fp_ts@v2.11.4/Pointed.ts": "a7a7f9fa80f7e22e108c60acef9b863a7e2d6e1d4dc4f62c8126a3cc343dc7b5",
    "https://deno.land/x/fp_ts@v2.11.4/Predicate.ts": "3929a868e4dd9b8a1f82c2f99b9c9fb63d94a8ded67c45179698cf6cb6f4621d",
    "https://deno.land/x/fp_ts@v2.11.4/ReadonlyNonEmptyArray.ts": "d3de7798ae111af3546b92d4c88704b8711ffdec5f3ac012afc9536fec5d53b8",
    "https://deno.land/x/fp_ts@v2.11.4/ReadonlyRecord.ts": "4b4583f2a8ca504f082bf32859f7bd9ebcba1f70c67a2fec734aaeaf68f395fa",
    "https://deno.land/x/fp_ts@v2.11.4/Refinement.ts": "a2ced42de715df56c696887cfff37954276c258801094d9da7e6946ec141c56b",
    "https://deno.land/x/fp_ts@v2.11.4/Ring.ts": "3a213df2ab441cc58c785d7d0cb9448d8f9d06fe908602dbe158bfa4a0d80d55",
    "https://deno.land/x/fp_ts@v2.11.4/Semigroup.ts": "ee41cf3555b4e5032ffeee6e89684999f6a203fc5624bcbc7606246bca889ce9",
    "https://deno.land/x/fp_ts@v2.11.4/Semiring.ts": "d5eda77b6145fd283af1e011ab1b7dce6b95c7e4f57b77c3ce54e841640f9814",
    "https://deno.land/x/fp_ts@v2.11.4/Separated.ts": "c63363255070370d173df9178c6bf482fcdaa11da20bb9240e02dd9c07b8b875",
    "https://deno.land/x/fp_ts@v2.11.4/Show.ts": "a6642d3f63dc2a4860a0fbbb731263e6041ea73b6bedfc3fc0052e6ef23d286b",
    "https://deno.land/x/fp_ts@v2.11.4/Task.ts": "5e899b6b97e6512fbab139d0f5ad0a02e1283341e714133237f365b7d29b37cb",
    "https://deno.land/x/fp_ts@v2.11.4/TaskEither.ts": "63e914546f29b01ed3f79b4030e8d489d68fb718e1ba1af9a39ea8cbac9c3ad8",
    "https://deno.land/x/fp_ts@v2.11.4/TaskOption.ts": "ada7dd32bd4eae2945f25ab154b714010e892acf2cd606f4d4af88698dc34d9e",
    "https://deno.land/x/fp_ts@v2.11.4/Traversable.ts": "1f0c800b803b6337dec88b38b9301cb1e44c7dd074b24c4ed8a8e2d49d485e03",
    "https://deno.land/x/fp_ts@v2.11.4/TraversableWithIndex.ts": "58142b89772592879a2d81279dae448a5585c3cd464fea1212b11766c1e65da8",
    "https://deno.land/x/fp_ts@v2.11.4/Unfoldable.ts": "a5434907429327fb1b11578e21fb703840045acbee321ac7c5f20bcb5c9a3773",
    "https://deno.land/x/fp_ts@v2.11.4/Witherable.ts": "56c9aa09d5dfacf6d012a35fc3d1ec912094bd0fe89b87e909d2af4054ad6fdc",
    "https://deno.land/x/fp_ts@v2.11.4/Zero.ts": "1a439e721b562321fe0f8419cab7ad3f8380f93ed266387a145d62c1b78fd822",
    "https://deno.land/x/fp_ts@v2.11.4/function.ts": "5f80016e6c379b6041ea468d940b8c6d4b5e4e40a9fed8c240aa518dedced841",
    "https://deno.land/x/fp_ts@v2.11.4/internal.ts": "a879994586e35f2ca16c976038569f0f0d00492e20767fe40e94055e9fadf985",
    "https://deno.land/x/fp_ts@v2.11.4/string.ts": "85843345b77b69ca9b4bb489a5ba997e58cb4840024b4cbf772193edb65efd03",
    "https://esm.sh/fp-ts@2.16.9/function": "2a251e7b381373cfafaee09cd6b32bfb24e500e506b6d923540d60a8ae562ada",
    "https://esm.sh/fp-ts@2.16.9/lib/Either": "c44a8606f6b92f3a91c5ca1325f85edf4cb6e56f3446868b37e133111ebc351e",
    "https://esm.sh/fp-ts@2.16.9/lib/TaskEither": "7c4155d596e2ce29bc174b94e7911dabff61113f03f6bff351ab1aa4e52bf7f1",
    "https://esm.sh/v135/fp-ts@2.16.9/denonext/function.js": "a1c897e5441612b4ad6911e4507e07edbae62eb5c458aa5e3306495add8ebb92",
    "https://esm.sh/v135/fp-ts@2.16.9/denonext/lib/Either.js": "f9fdd07de96f3faa9629c1434432b59f5d684c9cee38ed76e9c743597896388e",
    "https://esm.sh/v135/fp-ts@2.16.9/denonext/lib/TaskEither.js": "18d86eb6853afca3b0bffdc201a1968c867dccad55971778f25f0c6ccd5fba9b"
  },
  "workspace": {
    "dependencies": [
      "jsr:@std/assert@1",
      "npm:fp-ts@^2.16.9",
      "npm:reflect-metadata@~0.2.2"
    ]
  }
}
